
Microsoft Visual Studio Solution File, Format Version 12.00
# Visual Studio Version 17
VisualStudioVersion = 17.8.34330.188
MinimumVisualStudioVersion = 10.0.40219.1
Project("{9A19103F-16F7-4668-BE54-9A1E7A4F7556}") = "cse3055", "cse3055.csproj", "{DBEA56F5-F4A6-457D-88CE-25925B8006E8}"
EndProject
Global
	GlobalSection(SolutionConfigurationPlatforms) = preSolution
		Debug|Any CPU = Debug|Any CPU
		Release|Any CPU = Release|Any CPU
	EndGlobalSection
	GlobalSection(ProjectConfigurationPlatforms) = postSolution
		{DBEA56F5-F4A6-457D-88CE-25925B8006E8}.Debug|Any CPU.ActiveCfg = Debug|Any CPU
		{DBEA56F5-F4A6-457D-88CE-25925B8006E8}.Debug|Any CPU.Build.0 = Debug|Any CPU
		{DBEA56F5-F4A6-457D-88CE-25925B8006E8}.Release|Any CPU.ActiveCfg = Release|Any CPU
		{DBEA56F5-F4A6-457D-88CE-25925B8006E8}.Release|Any CPU.Build.0 = Release|Any CPU
	EndGlobalSection
	GlobalSection(SolutionProperties) = preSolution
		HideSolutionNode = FALSE
	EndGlobalSection
	GlobalSection(ExtensibilityGlobals) = postSolution
		SolutionGuid = {E354B3AE-DF69-4DD1-A420-18F927EF6615}
	EndGlobalSection
EndGlobal
